
Microsoft Visual Studio Solution File, Format Version 12.00
# Visual Studio Version 16
VisualStudioVersion = 16.0.29728.190
MinimumVisualStudioVersion = 10.0.40219.1
Project("{2150E333-8FDC-42A3-9474-1A3956D46DE8}") = "src", "src", "{91583171-E077-4F0C-A27E-A87B77586929}"
EndProject
Project("{2150E333-8FDC-42A3-9474-1A3956D46DE8}") = "test", "test", "{F93829A7-E585-40C7-B3D4-F7F5B9412BC5}"
EndProject
Project("{9A19103F-16F7-4668-BE54-9A1E7A4F7556}") = "endpoint.Core", "Core\endpoint.Core.csproj", "{AED8E394-87F5-440E-8D1B-F6D042406A89}"
EndProject
Project("{9A19103F-16F7-4668-BE54-9A1E7A4F7556}") = "endpoint.Web.Host", "endpoint.Web.Host\endpoint.Web.Host.csproj", "{4A54DEC1-12CC-4C83-B35E-F120AF74BB03}"
EndProject
Project("{9A19103F-16F7-4668-BE54-9A1E7A4F7556}") = "endpoint.EntityFrameworkCore", "endpoint.EntityFrameWorkCore\endpoint.EntityFrameworkCore.csproj", "{F468EE37-722C-48BA-B268-0A3C449BC65F}"
EndProject
Project("{9A19103F-16F7-4668-BE54-9A1E7A4F7556}") = "endpoint.Application.Shared", "endpoint.Application.Shared\endpoint.Application.Shared.csproj", "{FEC6EF22-DED1-4854-A744-05A15B8E1057}"
EndProject
Project("{9A19103F-16F7-4668-BE54-9A1E7A4F7556}") = "endpoint.Tests", "endpoint.Tests\endpoint.Tests.csproj", "{C87F16F7-CFD1-4230-8E11-B17C504D8520}"
EndProject
Project("{FAE04EC0-301F-11D3-BF4B-00C04F79EFBC}") = "endpoint.Core.Shared", "endpoint.Core.Shared\endpoint.Core.Shared.csproj", "{F1A6AE72-5761-4B00-A944-457AED505111}"
EndProject
Global
	GlobalSection(SolutionConfigurationPlatforms) = preSolution
		Debug|Any CPU = Debug|Any CPU
		Release|Any CPU = Release|Any CPU
	EndGlobalSection
	GlobalSection(ProjectConfigurationPlatforms) = postSolution
		{AED8E394-87F5-440E-8D1B-F6D042406A89}.Debug|Any CPU.ActiveCfg = Debug|Any CPU
		{AED8E394-87F5-440E-8D1B-F6D042406A89}.Debug|Any CPU.Build.0 = Debug|Any CPU
		{AED8E394-87F5-440E-8D1B-F6D042406A89}.Release|Any CPU.ActiveCfg = Release|Any CPU
		{AED8E394-87F5-440E-8D1B-F6D042406A89}.Release|Any CPU.Build.0 = Release|Any CPU
		{4A54DEC1-12CC-4C83-B35E-F120AF74BB03}.Debug|Any CPU.ActiveCfg = Debug|Any CPU
		{4A54DEC1-12CC-4C83-B35E-F120AF74BB03}.Debug|Any CPU.Build.0 = Debug|Any CPU
		{4A54DEC1-12CC-4C83-B35E-F120AF74BB03}.Release|Any CPU.ActiveCfg = Release|Any CPU
		{4A54DEC1-12CC-4C83-B35E-F120AF74BB03}.Release|Any CPU.Build.0 = Release|Any CPU
		{F468EE37-722C-48BA-B268-0A3C449BC65F}.Debug|Any CPU.ActiveCfg = Debug|Any CPU
		{F468EE37-722C-48BA-B268-0A3C449BC65F}.Debug|Any CPU.Build.0 = Debug|Any CPU
		{F468EE37-722C-48BA-B268-0A3C449BC65F}.Release|Any CPU.ActiveCfg = Release|Any CPU
		{F468EE37-722C-48BA-B268-0A3C449BC65F}.Release|Any CPU.Build.0 = Release|Any CPU
		{FEC6EF22-DED1-4854-A744-05A15B8E1057}.Debug|Any CPU.ActiveCfg = Debug|Any CPU
		{FEC6EF22-DED1-4854-A744-05A15B8E1057}.Debug|Any CPU.Build.0 = Debug|Any CPU
		{FEC6EF22-DED1-4854-A744-05A15B8E1057}.Release|Any CPU.ActiveCfg = Release|Any CPU
		{FEC6EF22-DED1-4854-A744-05A15B8E1057}.Release|Any CPU.Build.0 = Release|Any CPU
		{C87F16F7-CFD1-4230-8E11-B17C504D8520}.Debug|Any CPU.ActiveCfg = Debug|Any CPU
		{C87F16F7-CFD1-4230-8E11-B17C504D8520}.Debug|Any CPU.Build.0 = Debug|Any CPU
		{C87F16F7-CFD1-4230-8E11-B17C504D8520}.Release|Any CPU.ActiveCfg = Release|Any CPU
		{C87F16F7-CFD1-4230-8E11-B17C504D8520}.Release|Any CPU.Build.0 = Release|Any CPU
		{F1A6AE72-5761-4B00-A944-457AED505111}.Debug|Any CPU.ActiveCfg = Debug|Any CPU
		{F1A6AE72-5761-4B00-A944-457AED505111}.Debug|Any CPU.Build.0 = Debug|Any CPU
		{F1A6AE72-5761-4B00-A944-457AED505111}.Release|Any CPU.ActiveCfg = Release|Any CPU
		{F1A6AE72-5761-4B00-A944-457AED505111}.Release|Any CPU.Build.0 = Release|Any CPU
	EndGlobalSection
	GlobalSection(SolutionProperties) = preSolution
		HideSolutionNode = FALSE
	EndGlobalSection
	GlobalSection(NestedProjects) = preSolution
		{AED8E394-87F5-440E-8D1B-F6D042406A89} = {91583171-E077-4F0C-A27E-A87B77586929}
		{4A54DEC1-12CC-4C83-B35E-F120AF74BB03} = {91583171-E077-4F0C-A27E-A87B77586929}
		{F468EE37-722C-48BA-B268-0A3C449BC65F} = {91583171-E077-4F0C-A27E-A87B77586929}
		{FEC6EF22-DED1-4854-A744-05A15B8E1057} = {91583171-E077-4F0C-A27E-A87B77586929}
		{C87F16F7-CFD1-4230-8E11-B17C504D8520} = {F93829A7-E585-40C7-B3D4-F7F5B9412BC5}
		{F1A6AE72-5761-4B00-A944-457AED505111} = {91583171-E077-4F0C-A27E-A87B77586929}
	EndGlobalSection
	GlobalSection(ExtensibilityGlobals) = postSolution
		SolutionGuid = {8BF449FB-9938-49DB-94E3-8D94E1BE75AC}
	EndGlobalSection
EndGlobal
